
Microsoft Visual Studio Solution File, Format Version 12.00
# Visual Studio Version 16
VisualStudioVersion = 25.0.1704.1
MinimumVisualStudioVersion = 10.0.40219.1
Project("{FAE04EC0-301F-11D3-BF4B-00C04F79EFBC}") = "webapi", "webapi\webapi.csproj", "{59742D4C-7D10-4D68-84D9-549A0A450B2D}"
EndProject
Global
	GlobalSection(SolutionConfigurationPlatforms) = preSolution
		Debug|Any CPU = Debug|Any CPU
		Release|Any CPU = Release|Any CPU
	EndGlobalSection
	GlobalSection(ProjectConfigurationPlatforms) = postSolution
		{59742D4C-7D10-4D68-84D9-549A0A450B2D}.Debug|Any CPU.ActiveCfg = Debug|Any CPU
		{59742D4C-7D10-4D68-84D9-549A0A450B2D}.Debug|Any CPU.Build.0 = Debug|Any CPU
		{59742D4C-7D10-4D68-84D9-549A0A450B2D}.Release|Any CPU.ActiveCfg = Release|Any CPU
		{59742D4C-7D10-4D68-84D9-549A0A450B2D}.Release|Any CPU.Build.0 = Release|Any CPU
	EndGlobalSection
	GlobalSection(SolutionProperties) = preSolution
		HideSolutionNode = FALSE
	EndGlobalSection
	GlobalSection(ExtensibilityGlobals) = postSolution
		SolutionGuid = {D5C02D18-5276-4E32-ADD9-CA29C24A11DD}
	EndGlobalSection
EndGlobal
